
Microsoft Visual Studio Solution File, Format Version 12.00
# Visual Studio Version 16
VisualStudioVersion = 16.0.33529.622
MinimumVisualStudioVersion = 10.0.40219.1
Project("{FC65038C-1B2F-41E1-A629-BED71D161FFF}") = "Example_2 (USR) [AKT_Model]", "Example_2.rnrproj", "{BCA3A27F-BDEC-4FA6-A03C-778034ADB010}"
EndProject
Project("{2150E333-8FDC-42A3-9474-1A3956D46DE8}") = "Solution Items", "Solution Items", "{5883254F-A4E8-4B58-9E7C-0606A7B7CF02}"
	ProjectSection(SolutionItems) = preProject
		TextFile1.txt = TextFile1.txt
	EndProjectSection
EndProject
Global
	GlobalSection(SolutionConfigurationPlatforms) = preSolution
		Debug|Any CPU = Debug|Any CPU
	EndGlobalSection
	GlobalSection(ProjectConfigurationPlatforms) = postSolution
		{BCA3A27F-BDEC-4FA6-A03C-778034ADB010}.Debug|Any CPU.ActiveCfg = Debug|Any CPU
		{BCA3A27F-BDEC-4FA6-A03C-778034ADB010}.Debug|Any CPU.Build.0 = Debug|Any CPU
	EndGlobalSection
	GlobalSection(SolutionProperties) = preSolution
		HideSolutionNode = FALSE
	EndGlobalSection
	GlobalSection(ExtensibilityGlobals) = postSolution
		SolutionGuid = {9049942F-A9B1-4E98-8BD0-0CBDF06DF830}
	EndGlobalSection
EndGlobal
